
Microsoft Visual Studio Solution File, Format Version 12.00
# Visual Studio Version 16
VisualStudioVersion = 16.0.29306.81
MinimumVisualStudioVersion = 10.0.40219.1
Project("{FAE04EC0-301F-11D3-BF4B-00C04F79EFBC}") = "Tabuada", "Tabuada\Tabuada.csproj", "{31BF5B01-03D1-423F-B8DB-C1DE0111BC2D}"
EndProject
Global
	GlobalSection(SolutionConfigurationPlatforms) = preSolution
		Debug|Any CPU = Debug|Any CPU
		Release|Any CPU = Release|Any CPU
	EndGlobalSection
	GlobalSection(ProjectConfigurationPlatforms) = postSolution
		{31BF5B01-03D1-423F-B8DB-C1DE0111BC2D}.Debug|Any CPU.ActiveCfg = Debug|Any CPU
		{31BF5B01-03D1-423F-B8DB-C1DE0111BC2D}.Debug|Any CPU.Build.0 = Debug|Any CPU
		{31BF5B01-03D1-423F-B8DB-C1DE0111BC2D}.Release|Any CPU.ActiveCfg = Release|Any CPU
		{31BF5B01-03D1-423F-B8DB-C1DE0111BC2D}.Release|Any CPU.Build.0 = Release|Any CPU
	EndGlobalSection
	GlobalSection(SolutionProperties) = preSolution
		HideSolutionNode = FALSE
	EndGlobalSection
	GlobalSection(ExtensibilityGlobals) = postSolution
		SolutionGuid = {DE09EF09-CE94-4F6D-8D86-9782DD8D9D83}
	EndGlobalSection
EndGlobal
